// !$*UTF8*$!
{
	archiveVersion = 1;
	classes = {
	};
	objectVersion = 52;
	objects = {

/* Begin PBXBuildFile section */
		81F2BD0723F42A7B00870881 /* AppDelegate.swift in Sources */ = {isa = PBXBuildFile; fileRef = 81F2BD0623F42A7B00870881 /* AppDelegate.swift */; };
		81F2BD0923F42A7B00870881 /* SceneDelegate.swift in Sources */ = {isa = PBXBuildFile; fileRef = 81F2BD0823F42A7B00870881 /* SceneDelegate.swift */; };
		81F2BD1023F42A7E00870881 /* Assets.xcassets in Resources */ = {isa = PBXBuildFile; fileRef = 81F2BD0F23F42A7E00870881 /* Assets.xcassets */; };
		81F2BD1323F42A7E00870881 /* LaunchScreen.storyboard in Resources */ = {isa = PBXBuildFile; fileRef = 81F2BD1123F42A7E00870881 /* LaunchScreen.storyboard */; };
		81F2BD2123F42AC900870881 /* RxCocoa in Frameworks */ = {isa = PBXBuildFile; productRef = 81F2BD2023F42AC900870881 /* RxCocoa */; };
		81F2BD2323F42AC900870881 /* RxSwift in Frameworks */ = {isa = PBXBuildFile; productRef = 81F2BD2223F42AC900870881 /* RxSwift */; };
		81F2BD2823F42B3A00870881 /* ViewModelType.swift in Sources */ = {isa = PBXBuildFile; fileRef = 81F2BD2723F42B3A00870881 /* ViewModelType.swift */; };
		81F2BD2A23F42BEE00870881 /* SayHelloViewModel.swift in Sources */ = {isa = PBXBuildFile; fileRef = 81F2BD2923F42BEE00870881 /* SayHelloViewModel.swift */; };
		81F2BD2C23F42D4700870881 /* SayHelloViewController.swift in Sources */ = {isa = PBXBuildFile; fileRef = 81F2BD2B23F42D4700870881 /* SayHelloViewController.swift */; };
		81F2BD2E23F42ED600870881 /* SayHelloView.storyboard in Resources */ = {isa = PBXBuildFile; fileRef = 81F2BD2D23F42ED600870881 /* SayHelloView.storyboard */; };
/* End PBXBuildFile section */

/* Begin PBXFileReference section */
		81F2BD0323F42A7B00870881 /* ViewModels_RxSwift.app */ = {isa = PBXFileReference; explicitFileType = wrapper.application; includeInIndex = 0; path = ViewModels_RxSwift.app; sourceTree = BUILT_PRODUCTS_DIR; };
		81F2BD0623F42A7B00870881 /* AppDelegate.swift */ = {isa = PBXFileReference; lastKnownFileType = sourcecode.swift; path = AppDelegate.swift; sourceTree = "<group>"; };
		81F2BD0823F42A7B00870881 /* SceneDelegate.swift */ = {isa = PBXFileReference; lastKnownFileType = sourcecode.swift; path = SceneDelegate.swift; sourceTree = "<group>"; };
		81F2BD0F23F42A7E00870881 /* Assets.xcassets */ = {isa = PBXFileReference; lastKnownFileType = folder.assetcatalog; path = Assets.xcassets; sourceTree = "<group>"; };
		81F2BD1223F42A7E00870881 /* Base */ = {isa = PBXFileReference; lastKnownFileType = file.storyboard; name = Base; path = Base.lproj/LaunchScreen.storyboard; sourceTree = "<group>"; };
		81F2BD1423F42A7E00870881 /* Info.plist */ = {isa = PBXFileReference; lastKnownFileType = text.plist.xml; path = Info.plist; sourceTree = "<group>"; };
		81F2BD2723F42B3A00870881 /* ViewModelType.swift */ = {isa = PBXFileReference; lastKnownFileType = sourcecode.swift; path = ViewModelType.swift; sourceTree = "<group>"; };
		81F2BD2923F42BEE00870881 /* SayHelloViewModel.swift */ = {isa = PBXFileReference; lastKnownFileType = sourcecode.swift; path = SayHelloViewModel.swift; sourceTree = "<group>"; };
		81F2BD2B23F42D4700870881 /* SayHelloViewController.swift */ = {isa = PBXFileReference; lastKnownFileType = sourcecode.swift; path = SayHelloViewController.swift; sourceTree = "<group>"; };
		81F2BD2D23F42ED600870881 /* SayHelloView.storyboard */ = {isa = PBXFileReference; lastKnownFileType = file.storyboard; path = SayHelloView.storyboard; sourceTree = "<group>"; };
/* End PBXFileReference section */

/* Begin PBXFrameworksBuildPhase section */
		81F2BD0023F42A7B00870881 /* Frameworks */ = {
			isa = PBXFrameworksBuildPhase;
			buildActionMask = 2147483647;
			files = (
				81F2BD2323F42AC900870881 /* RxSwift in Frameworks */,
				81F2BD2123F42AC900870881 /* RxCocoa in Frameworks */,
			);
			runOnlyForDeploymentPostprocessing = 0;
		};
/* End PBXFrameworksBuildPhase section */

/* Begin PBXGroup section */
		81F2BCFA23F42A7B00870881 = {
			isa = PBXGroup;
			children = (
				81F2BD0523F42A7B00870881 /* ViewModels_RxSwift */,
				81F2BD0423F42A7B00870881 /* Products */,
			);
			sourceTree = "<group>";
		};
		81F2BD0423F42A7B00870881 /* Products */ = {
			isa = PBXGroup;
			children = (
				81F2BD0323F42A7B00870881 /* ViewModels_RxSwift.app */,
			);
			name = Products;
			sourceTree = "<group>";
		};
		81F2BD0523F42A7B00870881 /* ViewModels_RxSwift */ = {
			isa = PBXGroup;
			children = (
				81F2BD2523F42B1100870881 /* View */,
				81F2BD2423F42AF200870881 /* ViewModel */,
				81F2BD0623F42A7B00870881 /* AppDelegate.swift */,
				81F2BD0823F42A7B00870881 /* SceneDelegate.swift */,
				81F2BD0F23F42A7E00870881 /* Assets.xcassets */,
				81F2BD1123F42A7E00870881 /* LaunchScreen.storyboard */,
				81F2BD1423F42A7E00870881 /* Info.plist */,
			);
			path = ViewModels_RxSwift;
			sourceTree = "<group>";
		};
		81F2BD2423F42AF200870881 /* ViewModel */ = {
			isa = PBXGroup;
			children = (
				81F2BD2723F42B3A00870881 /* ViewModelType.swift */,
				81F2BD2923F42BEE00870881 /* SayHelloViewModel.swift */,
			);
			path = ViewModel;
			sourceTree = "<group>";
		};
		81F2BD2523F42B1100870881 /* View */ = {
			isa = PBXGroup;
			children = (
				81F2BD2B23F42D4700870881 /* SayHelloViewController.swift */,
				81F2BD2D23F42ED600870881 /* SayHelloView.storyboard */,
			);
			path = View;
			sourceTree = "<group>";
		};
/* End PBXGroup section */

/* Begin PBXNativeTarget section */
		81F2BD0223F42A7B00870881 /* ViewModels_RxSwift */ = {
			isa = PBXNativeTarget;
			buildConfigurationList = 81F2BD1723F42A7E00870881 /* Build configuration list for PBXNativeTarget "ViewModels_RxSwift" */;
			buildPhases = (
				81F2BCFF23F42A7B00870881 /* Sources */,
				81F2BD0023F42A7B00870881 /* Frameworks */,
				81F2BD0123F42A7B00870881 /* Resources */,
			);
			buildRules = (
			);
			dependencies = (
			);
			name = ViewModels_RxSwift;
			packageProductDependencies = (
				81F2BD2023F42AC900870881 /* RxCocoa */,
				81F2BD2223F42AC900870881 /* RxSwift */,
			);
			productName = ViewModels_RxSwift;
			productReference = 81F2BD0323F42A7B00870881 /* ViewModels_RxSwift.app */;
			productType = "com.apple.product-type.application";
		};
/* End PBXNativeTarget section */

/* Begin PBXProject section */
		81F2BCFB23F42A7B00870881 /* Project object */ = {
			isa = PBXProject;
			attributes = {
				LastSwiftUpdateCheck = 1130;
				LastUpgradeCheck = 1130;
				ORGANIZATIONNAME = "Adriano Ramos";
				TargetAttributes = {
					81F2BD0223F42A7B00870881 = {
						CreatedOnToolsVersion = 11.3.1;
					};
				};
			};
			buildConfigurationList = 81F2BCFE23F42A7B00870881 /* Build configuration list for PBXProject "ViewModels_RxSwift" */;
			compatibilityVersion = "Xcode 9.3";
			developmentRegion = en;
			hasScannedForEncodings = 0;
			knownRegions = (
				en,
				Base,
			);
			mainGroup = 81F2BCFA23F42A7B00870881;
			packageReferences = (
				81F2BD1F23F42AC900870881 /* XCRemoteSwiftPackageReference "RxSwift" */,
			);
			productRefGroup = 81F2BD0423F42A7B00870881 /* Products */;
			projectDirPath = "";
			projectRoot = "";
			targets = (
				81F2BD0223F42A7B00870881 /* ViewModels_RxSwift */,
			);
		};
/* End PBXProject section */

/* Begin PBXResourcesBuildPhase section */
		81F2BD0123F42A7B00870881 /* Resources */ = {
			isa = PBXResourcesBuildPhase;
			buildActionMask = 2147483647;
			files = (
				81F2BD1323F42A7E00870881 /* LaunchScreen.storyboard in Resources */,
				81F2BD1023F42A7E00870881 /* Assets.xcassets in Resources */,
				81F2BD2E23F42ED600870881 /* SayHelloView.storyboard in Resources */,
			);
			runOnlyForDeploymentPostprocessing = 0;
		};
/* End PBXResourcesBuildPhase section */

/* Begin PBXSourcesBuildPhase section */
		81F2BCFF23F42A7B00870881 /* Sources */ = {
			isa = PBXSourcesBuildPhase;
			buildActionMask = 2147483647;
			files = (
				81F2BD2823F42B3A00870881 /* ViewModelType.swift in Sources */,
				81F2BD0723F42A7B00870881 /* AppDelegate.swift in Sources */,
				81F2BD2A23F42BEE00870881 /* SayHelloViewModel.swift in Sources */,
				81F2BD0923F42A7B00870881 /* SceneDelegate.swift in Sources */,
				81F2BD2C23F42D4700870881 /* SayHelloViewController.swift in Sources */,
			);
			runOnlyForDeploymentPostprocessing = 0;
		};
/* End PBXSourcesBuildPhase section */

/* Begin PBXVariantGroup section */
		81F2BD1123F42A7E00870881 /* LaunchScreen.storyboard */ = {
			isa = PBXVariantGroup;
			children = (
				81F2BD1223F42A7E00870881 /* Base */,
			);
			name = LaunchScreen.storyboard;
			sourceTree = "<group>";
		};
/* End PBXVariantGroup section */

/* Begin XCBuildConfiguration section */
		81F2BD1523F42A7E00870881 /* Debug */ = {
			isa = XCBuildConfiguration;
			buildSettings = {
				ALWAYS_SEARCH_USER_PATHS = NO;
				CLANG_ANALYZER_NONNULL = YES;
				CLANG_ANALYZER_NUMBER_OBJECT_CONVERSION = YES_AGGRESSIVE;
				CLANG_CXX_LANGUAGE_STANDARD = "gnu++14";
				CLANG_CXX_LIBRARY = "libc++";
				CLANG_ENABLE_MODULES = YES;
				CLANG_ENABLE_OBJC_ARC = YES;
				CLANG_ENABLE_OBJC_WEAK = YES;
				CLANG_WARN_BLOCK_CAPTURE_AUTORELEASING = YES;
				CLANG_WARN_BOOL_CONVERSION = YES;
				CLANG_WARN_COMMA = YES;
				CLANG_WARN_CONSTANT_CONVERSION = YES;
				CLANG_WARN_DEPRECATED_OBJC_IMPLEMENTATIONS = YES;
				CLANG_WARN_DIRECT_OBJC_ISA_USAGE = YES_ERROR;
				CLANG_WARN_DOCUMENTATION_COMMENTS = YES;
				CLANG_WARN_EMPTY_BODY = YES;
				CLANG_WARN_ENUM_CONVERSION = YES;
				CLANG_WARN_INFINITE_RECURSION = YES;
				CLANG_WARN_INT_CONVERSION = YES;
				CLANG_WARN_NON_LITERAL_NULL_CONVERSION = YES;
				CLANG_WARN_OBJC_IMPLICIT_RETAIN_SELF = YES;
				CLANG_WARN_OBJC_LITERAL_CONVERSION = YES;
				CLANG_WARN_OBJC_ROOT_CLASS = YES_ERROR;
				CLANG_WARN_RANGE_LOOP_ANALYSIS = YES;
				CLANG_WARN_STRICT_PROTOTYPES = YES;
				CLANG_WARN_SUSPICIOUS_MOVE = YES;
				CLANG_WARN_UNGUARDED_AVAILABILITY = YES_AGGRESSIVE;
				CLANG_WARN_UNREACHABLE_CODE = YES;
				CLANG_WARN__DUPLICATE_METHOD_MATCH = YES;
				COPY_PHASE_STRIP = NO;
				DEBUG_INFORMATION_FORMAT = dwarf;
				ENABLE_STRICT_OBJC_MSGSEND = YES;
				ENABLE_TESTABILITY = YES;
				GCC_C_LANGUAGE_STANDARD = gnu11;
				GCC_DYNAMIC_NO_PIC = NO;
				GCC_NO_COMMON_BLOCKS = YES;
				GCC_OPTIMIZATION_LEVEL = 0;
				GCC_PREPROCESSOR_DEFINITIONS = (
					"DEBUG=1",
					"$(inherited)",
				);
				GCC_WARN_64_TO_32_BIT_CONVERSION = YES;
				GCC_WARN_ABOUT_RETURN_TYPE = YES_ERROR;
				GCC_WARN_UNDECLARED_SELECTOR = YES;
				GCC_WARN_UNINITIALIZED_AUTOS = YES_AGGRESSIVE;
				GCC_WARN_UNUSED_FUNCTION = YES;
				GCC_WARN_UNUSED_VARIABLE = YES;
				IPHONEOS_DEPLOYMENT_TARGET = 13.2;
				MTL_ENABLE_DEBUG_INFO = INCLUDE_SOURCE;
				MTL_FAST_MATH = YES;
				ONLY_ACTIVE_ARCH = YES;
				SDKROOT = iphoneos;
				SWIFT_ACTIVE_COMPILATION_CONDITIONS = DEBUG;
				SWIFT_OPTIMIZATION_LEVEL = "-Onone";
			};
			name = Debug;
		};
		81F2BD1623F42A7E00870881 /* Release */ = {
			isa = XCBuildConfiguration;
			buildSettings = {
				ALWAYS_SEARCH_USER_PATHS = NO;
				CLANG_ANALYZER_NONNULL = YES;
				CLANG_ANALYZER_NUMBER_OBJECT_CONVERSION = YES_AGGRESSIVE;
				CLANG_CXX_LANGUAGE_STANDARD = "gnu++14";
				CLANG_CXX_LIBRARY = "libc++";
				CLANG_ENABLE_MODULES = YES;
				CLANG_ENABLE_OBJC_ARC = YES;
				CLANG_ENABLE_OBJC_WEAK = YES;
				CLANG_WARN_BLOCK_CAPTURE_AUTORELEASING = YES;
				CLANG_WARN_BOOL_CONVERSION = YES;
				CLANG_WARN_COMMA = YES;
				CLANG_WARN_CONSTANT_CONVERSION = YES;
				CLANG_WARN_DEPRECATED_OBJC_IMPLEMENTATIONS = YES;
				CLANG_WARN_DIRECT_OBJC_ISA_USAGE = YES_ERROR;
				CLANG_WARN_DOCUMENTATION_COMMENTS = YES;
				CLANG_WARN_EMPTY_BODY = YES;
				CLANG_WARN_ENUM_CONVERSION = YES;
				CLANG_WARN_INFINITE_RECURSION = YES;
				CLANG_WARN_INT_CONVERSION = YES;
				CLANG_WARN_NON_LITERAL_NULL_CONVERSION = YES;
				CLANG_WARN_OBJC_IMPLICIT_RETAIN_SELF = YES;
				CLANG_WARN_OBJC_LITERAL_CONVERSION = YES;
				CLANG_WARN_OBJC_ROOT_CLASS = YES_ERROR;
				CLANG_WARN_RANGE_LOOP_ANALYSIS = YES;
				CLANG_WARN_STRICT_PROTOTYPES = YES;
				CLANG_WARN_SUSPICIOUS_MOVE = YES;
				CLANG_WARN_UNGUARDED_AVAILABILITY = YES_AGGRESSIVE;
				CLANG_WARN_UNREACHABLE_CODE = YES;
				CLANG_WARN__DUPLICATE_METHOD_MATCH = YES;
				COPY_PHASE_STRIP = NO;
				DEBUG_INFORMATION_FORMAT = "dwarf-with-dsym";
				ENABLE_NS_ASSERTIONS = NO;
				ENABLE_STRICT_OBJC_MSGSEND = YES;
				GCC_C_LANGUAGE_STANDARD = gnu11;
				GCC_NO_COMMON_BLOCKS = YES;
				GCC_WARN_64_TO_32_BIT_CONVERSION = YES;
				GCC_WARN_ABOUT_RETURN_TYPE = YES_ERROR;
				GCC_WARN_UNDECLARED_SELECTOR = YES;
				GCC_WARN_UNINITIALIZED_AUTOS = YES_AGGRESSIVE;
				GCC_WARN_UNUSED_FUNCTION = YES;
				GCC_WARN_UNUSED_VARIABLE = YES;
				IPHONEOS_DEPLOYMENT_TARGET = 13.2;
				MTL_ENABLE_DEBUG_INFO = NO;
				MTL_FAST_MATH = YES;
				SDKROOT = iphoneos;
				SWIFT_COMPILATION_MODE = wholemodule;
				SWIFT_OPTIMIZATION_LEVEL = "-O";
				VALIDATE_PRODUCT = YES;
			};
			name = Release;
		};
		81F2BD1823F42A7E00870881 /* Debug */ = {
			isa = XCBuildConfiguration;
			buildSettings = {
				ASSETCATALOG_COMPILER_APPICON_NAME = AppIcon;
				CODE_SIGN_STYLE = Automatic;
				DEVELOPMENT_TEAM = CH49HA965Z;
				INFOPLIST_FILE = ViewModels_RxSwift/Info.plist;
				LD_RUNPATH_SEARCH_PATHS = (
					"$(inherited)",
					"@executable_path/Frameworks",
				);
				PRODUCT_BUNDLE_IDENTIFIER = "com.developer.adriano.FaceRecognition.ViewModels-RxSwift";
				PRODUCT_NAME = "$(TARGET_NAME)";
				SWIFT_VERSION = 5.0;
				TARGETED_DEVICE_FAMILY = "1,2";
			};
			name = Debug;
		};
		81F2BD1923F42A7E00870881 /* Release */ = {
			isa = XCBuildConfiguration;
			buildSettings = {
				ASSETCATALOG_COMPILER_APPICON_NAME = AppIcon;
				CODE_SIGN_STYLE = Automatic;
				DEVELOPMENT_TEAM = CH49HA965Z;
				INFOPLIST_FILE = ViewModels_RxSwift/Info.plist;
				LD_RUNPATH_SEARCH_PATHS = (
					"$(inherited)",
					"@executable_path/Frameworks",
				);
				PRODUCT_BUNDLE_IDENTIFIER = "com.developer.adriano.FaceRecognition.ViewModels-RxSwift";
				PRODUCT_NAME = "$(TARGET_NAME)";
				SWIFT_VERSION = 5.0;
				TARGETED_DEVICE_FAMILY = "1,2";
			};
			name = Release;
		};
/* End XCBuildConfiguration section */

/* Begin XCConfigurationList section */
		81F2BCFE23F42A7B00870881 /* Build configuration list for PBXProject "ViewModels_RxSwift" */ = {
			isa = XCConfigurationList;
			buildConfigurations = (
				81F2BD1523F42A7E00870881 /* Debug */,
				81F2BD1623F42A7E00870881 /* Release */,
			);
			defaultConfigurationIsVisible = 0;
			defaultConfigurationName = Release;
		};
		81F2BD1723F42A7E00870881 /* Build configuration list for PBXNativeTarget "ViewModels_RxSwift" */ = {
			isa = XCConfigurationList;
			buildConfigurations = (
				81F2BD1823F42A7E00870881 /* Debug */,
				81F2BD1923F42A7E00870881 /* Release */,
			);
			defaultConfigurationIsVisible = 0;
			defaultConfigurationName = Release;
		};
/* End XCConfigurationList section */

/* Begin XCRemoteSwiftPackageReference section */
		81F2BD1F23F42AC900870881 /* XCRemoteSwiftPackageReference "RxSwift" */ = {
			isa = XCRemoteSwiftPackageReference;
			repositoryURL = "https://github.com/ReactiveX/RxSwift";
			requirement = {
				kind = upToNextMajorVersion;
				minimumVersion = 5.0.1;
			};
		};
/* End XCRemoteSwiftPackageReference section */

/* Begin XCSwiftPackageProductDependency section */
		81F2BD2023F42AC900870881 /* RxCocoa */ = {
			isa = XCSwiftPackageProductDependency;
			package = 81F2BD1F23F42AC900870881 /* XCRemoteSwiftPackageReference "RxSwift" */;
			productName = RxCocoa;
		};
		81F2BD2223F42AC900870881 /* RxSwift */ = {
			isa = XCSwiftPackageProductDependency;
			package = 81F2BD1F23F42AC900870881 /* XCRemoteSwiftPackageReference "RxSwift" */;
			productName = RxSwift;
		};
/* End XCSwiftPackageProductDependency section */
	};
	rootObject = 81F2BCFB23F42A7B00870881 /* Project object */;
}
